
Microsoft Visual Studio Solution File, Format Version 12.00
# Visual Studio 15
VisualStudioVersion = 15.0.28307.705
MinimumVisualStudioVersion = 10.0.40219.1
Project("{FAE04EC0-301F-11D3-BF4B-00C04F79EFBC}") = "Mikromax", "Mikromax\Mikromax.csproj", "{FEC66172-B317-4157-9B9A-E74BFEC8C403}"
EndProject
Global
	GlobalSection(SolutionConfigurationPlatforms) = preSolution
		Debug|Any CPU = Debug|Any CPU
		Release|Any CPU = Release|Any CPU
	EndGlobalSection
	GlobalSection(ProjectConfigurationPlatforms) = postSolution
		{FEC66172-B317-4157-9B9A-E74BFEC8C403}.Debug|Any CPU.ActiveCfg = Debug|Any CPU
		{FEC66172-B317-4157-9B9A-E74BFEC8C403}.Debug|Any CPU.Build.0 = Debug|Any CPU
		{FEC66172-B317-4157-9B9A-E74BFEC8C403}.Release|Any CPU.ActiveCfg = Release|Any CPU
		{FEC66172-B317-4157-9B9A-E74BFEC8C403}.Release|Any CPU.Build.0 = Release|Any CPU
	EndGlobalSection
	GlobalSection(SolutionProperties) = preSolution
		HideSolutionNode = FALSE
	EndGlobalSection
	GlobalSection(ExtensibilityGlobals) = postSolution
		SolutionGuid = {46B6D42C-68BF-4BD7-AAF9-32208A30F46B}
	EndGlobalSection
EndGlobal
